
Microsoft Visual Studio Solution File, Format Version 12.00
# Visual Studio Version 17
VisualStudioVersion = 17.1.32328.378
MinimumVisualStudioVersion = 10.0.40219.1
Project("{FAE04EC0-301F-11D3-BF4B-00C04F79EFBC}") = "CSharpTask7", "CSharpTask7\CSharpTask7.csproj", "{715D11F0-6066-46BE-B417-E9443FCBF0DF}"
EndProject
Global
	GlobalSection(SolutionConfigurationPlatforms) = preSolution
		Debug|Any CPU = Debug|Any CPU
		Release|Any CPU = Release|Any CPU
	EndGlobalSection
	GlobalSection(ProjectConfigurationPlatforms) = postSolution
		{715D11F0-6066-46BE-B417-E9443FCBF0DF}.Debug|Any CPU.ActiveCfg = Debug|Any CPU
		{715D11F0-6066-46BE-B417-E9443FCBF0DF}.Debug|Any CPU.Build.0 = Debug|Any CPU
		{715D11F0-6066-46BE-B417-E9443FCBF0DF}.Release|Any CPU.ActiveCfg = Release|Any CPU
		{715D11F0-6066-46BE-B417-E9443FCBF0DF}.Release|Any CPU.Build.0 = Release|Any CPU
	EndGlobalSection
	GlobalSection(SolutionProperties) = preSolution
		HideSolutionNode = FALSE
	EndGlobalSection
	GlobalSection(ExtensibilityGlobals) = postSolution
		SolutionGuid = {E01726DA-3B3D-4CDA-9327-89EB31B9479D}
	EndGlobalSection
EndGlobal
